// !$*UTF8*$!
{
	archiveVersion = 1;
	classes = {
	};
	objectVersion = 52;
	objects = {

/* Begin PBXBuildFile section */
		18D775C122AD944300AE281E /* AppDelegate.swift in Sources */ = {isa = PBXBuildFile; fileRef = 18D775C022AD944300AE281E /* AppDelegate.swift */; };
		18D775C322AD944300AE281E /* SceneDelegate.swift in Sources */ = {isa = PBXBuildFile; fileRef = 18D775C222AD944300AE281E /* SceneDelegate.swift */; };
		18D775C522AD944300AE281E /* ContentView.swift in Sources */ = {isa = PBXBuildFile; fileRef = 18D775C422AD944300AE281E /* ContentView.swift */; };
		18D775C722AD944400AE281E /* Assets.xcassets in Resources */ = {isa = PBXBuildFile; fileRef = 18D775C622AD944400AE281E /* Assets.xcassets */; };
		18D775CA22AD944400AE281E /* Preview Assets.xcassets in Resources */ = {isa = PBXBuildFile; fileRef = 18D775C922AD944400AE281E /* Preview Assets.xcassets */; };
		18D775D822AD963800AE281E /* LaunchScreen.storyboard in Resources */ = {isa = PBXBuildFile; fileRef = 18D775DA22AD963800AE281E /* LaunchScreen.storyboard */; };
		F5807B3524CB1F9A007283B2 /* Countries.xcdatamodeld in Sources */ = {isa = PBXBuildFile; fileRef = F5807B3324CB1F9A007283B2 /* Countries.xcdatamodeld */; };
		F5807B6024CB4316007283B2 /* CoreDataManager.swift in Sources */ = {isa = PBXBuildFile; fileRef = F5807B5F24CB4316007283B2 /* CoreDataManager.swift */; };
		F5807B6A24CB4E2A007283B2 /* CoreDataOptimizationView.swift in Sources */ = {isa = PBXBuildFile; fileRef = F5807B6924CB4E2A007283B2 /* CoreDataOptimizationView.swift */; };
		F5807B6E24CB9A93007283B2 /* Countries.sqlite-wal in Resources */ = {isa = PBXBuildFile; fileRef = F5807B6B24CB9A93007283B2 /* Countries.sqlite-wal */; };
		F5807B6F24CB9A93007283B2 /* Countries.sqlite in Resources */ = {isa = PBXBuildFile; fileRef = F5807B6C24CB9A93007283B2 /* Countries.sqlite */; };
		F5807B7024CB9A93007283B2 /* Countries.sqlite-shm in Resources */ = {isa = PBXBuildFile; fileRef = F5807B6D24CB9A93007283B2 /* Countries.sqlite-shm */; };
		F5AFEE0324C5E9DE00BAF54A /* CollectionScrollingViewController.swift in Sources */ = {isa = PBXBuildFile; fileRef = F5AFEE0224C5E9DE00BAF54A /* CollectionScrollingViewController.swift */; };
		F5AFEE0524C5EAA400BAF54A /* CollectionScrollingView.swift in Sources */ = {isa = PBXBuildFile; fileRef = F5AFEE0424C5EAA400BAF54A /* CollectionScrollingView.swift */; };
		F5AFEE0724C5EBF600BAF54A /* CollectionScrolling.storyboard in Resources */ = {isa = PBXBuildFile; fileRef = F5AFEE0624C5EBF600BAF54A /* CollectionScrolling.storyboard */; };
		F5CB43E424C5CDD800E796C5 /* MemoryOptimization.swift in Sources */ = {isa = PBXBuildFile; fileRef = F5CB43E324C5CDD800E796C5 /* MemoryOptimization.swift */; };
		F5CB43FF24C5D05600E796C5 /* LargeImages.xcassets in Resources */ = {isa = PBXBuildFile; fileRef = F5CB43FE24C5D05600E796C5 /* LargeImages.xcassets */; };
		F5D16D5024CB01EC00ECF91D /* FileManager.swift in Sources */ = {isa = PBXBuildFile; fileRef = F5D16D4F24CB01EC00ECF91D /* FileManager.swift */; };
		F5D16D5224CB060300ECF91D /* NumberCollectionViewCell.swift in Sources */ = {isa = PBXBuildFile; fileRef = F5D16D5124CB060300ECF91D /* NumberCollectionViewCell.swift */; };
		F5D16D5324CB0AC400ECF91D /* TrackedNumbersGenerator.swift in Sources */ = {isa = PBXBuildFile; fileRef = F5D16D4D24CB00A000ECF91D /* TrackedNumbersGenerator.swift */; };
/* End PBXBuildFile section */

/* Begin PBXFileReference section */
		18D775BD22AD944300AE281E /* TheExhibition.app */ = {isa = PBXFileReference; explicitFileType = wrapper.application; includeInIndex = 0; path = TheExhibition.app; sourceTree = BUILT_PRODUCTS_DIR; };
		18D775C022AD944300AE281E /* AppDelegate.swift */ = {isa = PBXFileReference; lastKnownFileType = sourcecode.swift; path = AppDelegate.swift; sourceTree = "<group>"; };
		18D775C222AD944300AE281E /* SceneDelegate.swift */ = {isa = PBXFileReference; lastKnownFileType = sourcecode.swift; path = SceneDelegate.swift; sourceTree = "<group>"; };
		18D775C422AD944300AE281E /* ContentView.swift */ = {isa = PBXFileReference; lastKnownFileType = sourcecode.swift; path = ContentView.swift; sourceTree = "<group>"; };
		18D775C622AD944400AE281E /* Assets.xcassets */ = {isa = PBXFileReference; lastKnownFileType = folder.assetcatalog; path = Assets.xcassets; sourceTree = "<group>"; };
		18D775C922AD944400AE281E /* Preview Assets.xcassets */ = {isa = PBXFileReference; lastKnownFileType = folder.assetcatalog; path = "Preview Assets.xcassets"; sourceTree = "<group>"; };
		18D775CE22AD944400AE281E /* Info.plist */ = {isa = PBXFileReference; lastKnownFileType = text.plist.xml; path = Info.plist; sourceTree = "<group>"; };
		18D775DE22AD96B400AE281E /* Base */ = {isa = PBXFileReference; lastKnownFileType = file.storyboard; name = Base; path = Base.lproj/LaunchScreen.storyboard; sourceTree = "<group>"; };
		F5807B3424CB1F9A007283B2 /* Countries.xcdatamodel */ = {isa = PBXFileReference; lastKnownFileType = wrapper.xcdatamodel; path = Countries.xcdatamodel; sourceTree = "<group>"; };
		F5807B5F24CB4316007283B2 /* CoreDataManager.swift */ = {isa = PBXFileReference; lastKnownFileType = sourcecode.swift; path = CoreDataManager.swift; sourceTree = "<group>"; };
		F5807B6924CB4E2A007283B2 /* CoreDataOptimizationView.swift */ = {isa = PBXFileReference; lastKnownFileType = sourcecode.swift; path = CoreDataOptimizationView.swift; sourceTree = "<group>"; };
		F5807B6B24CB9A93007283B2 /* Countries.sqlite-wal */ = {isa = PBXFileReference; lastKnownFileType = file; path = "Countries.sqlite-wal"; sourceTree = "<group>"; };
		F5807B6C24CB9A93007283B2 /* Countries.sqlite */ = {isa = PBXFileReference; lastKnownFileType = file; path = Countries.sqlite; sourceTree = "<group>"; };
		F5807B6D24CB9A93007283B2 /* Countries.sqlite-shm */ = {isa = PBXFileReference; lastKnownFileType = file; path = "Countries.sqlite-shm"; sourceTree = "<group>"; };
		F5AFEE0224C5E9DE00BAF54A /* CollectionScrollingViewController.swift */ = {isa = PBXFileReference; lastKnownFileType = sourcecode.swift; path = CollectionScrollingViewController.swift; sourceTree = "<group>"; };
		F5AFEE0424C5EAA400BAF54A /* CollectionScrollingView.swift */ = {isa = PBXFileReference; lastKnownFileType = sourcecode.swift; path = CollectionScrollingView.swift; sourceTree = "<group>"; };
		F5AFEE0624C5EBF600BAF54A /* CollectionScrolling.storyboard */ = {isa = PBXFileReference; lastKnownFileType = file.storyboard; path = CollectionScrolling.storyboard; sourceTree = "<group>"; };
		F5CB43E324C5CDD800E796C5 /* MemoryOptimization.swift */ = {isa = PBXFileReference; lastKnownFileType = sourcecode.swift; path = MemoryOptimization.swift; sourceTree = "<group>"; };
		F5CB43FE24C5D05600E796C5 /* LargeImages.xcassets */ = {isa = PBXFileReference; lastKnownFileType = folder.assetcatalog; path = LargeImages.xcassets; sourceTree = "<group>"; };
		F5D16D4D24CB00A000ECF91D /* TrackedNumbersGenerator.swift */ = {isa = PBXFileReference; lastKnownFileType = sourcecode.swift; path = TrackedNumbersGenerator.swift; sourceTree = "<group>"; };
		F5D16D4F24CB01EC00ECF91D /* FileManager.swift */ = {isa = PBXFileReference; fileEncoding = 4; lastKnownFileType = sourcecode.swift; path = FileManager.swift; sourceTree = "<group>"; };
		F5D16D5124CB060300ECF91D /* NumberCollectionViewCell.swift */ = {isa = PBXFileReference; lastKnownFileType = sourcecode.swift; path = NumberCollectionViewCell.swift; sourceTree = "<group>"; };
/* End PBXFileReference section */

/* Begin PBXFrameworksBuildPhase section */
		18D775BA22AD944300AE281E /* Frameworks */ = {
			isa = PBXFrameworksBuildPhase;
			buildActionMask = 2147483647;
			files = (
			);
			runOnlyForDeploymentPostprocessing = 0;
		};
/* End PBXFrameworksBuildPhase section */

/* Begin PBXGroup section */
		18D775B422AD944300AE281E = {
			isa = PBXGroup;
			children = (
				18D775BF22AD944300AE281E /* TheExhibition */,
				18D775BE22AD944300AE281E /* Products */,
			);
			indentWidth = 2;
			sourceTree = "<group>";
			tabWidth = 2;
		};
		18D775BE22AD944300AE281E /* Products */ = {
			isa = PBXGroup;
			children = (
				18D775BD22AD944300AE281E /* TheExhibition.app */,
			);
			name = Products;
			sourceTree = "<group>";
		};
		18D775BF22AD944300AE281E /* TheExhibition */ = {
			isa = PBXGroup;
			children = (
				F5CB43DC24C5C4E300E796C5 /* MemoryOptimization */,
				F5CB43DD24C5C4FD00E796C5 /* MemoryLeaks */,
				F5CB43DE24C5C50B00E796C5 /* TimeProfiler */,
				F5CB43DF24C5C51800E796C5 /* CollectionScrolling */,
				F5CB43E124C5C54800E796C5 /* CoreDataOptimization */,
				F5CB43E224C5C55300E796C5 /* StaticAnalyzer */,
				18D775C022AD944300AE281E /* AppDelegate.swift */,
				18D775C222AD944300AE281E /* SceneDelegate.swift */,
				18D775C422AD944300AE281E /* ContentView.swift */,
				18D775C622AD944400AE281E /* Assets.xcassets */,
				18D775DA22AD963800AE281E /* LaunchScreen.storyboard */,
				18D775CE22AD944400AE281E /* Info.plist */,
				18D775C822AD944400AE281E /* Preview Content */,
			);
			path = TheExhibition;
			sourceTree = "<group>";
		};
		18D775C822AD944400AE281E /* Preview Content */ = {
			isa = PBXGroup;
			children = (
				18D775C922AD944400AE281E /* Preview Assets.xcassets */,
			);
			path = "Preview Content";
			sourceTree = "<group>";
		};
		F5807B6124CB4519007283B2 /* Preloading */ = {
			isa = PBXGroup;
			children = (
				F5807B6C24CB9A93007283B2 /* Countries.sqlite */,
				F5807B6D24CB9A93007283B2 /* Countries.sqlite-shm */,
				F5807B6B24CB9A93007283B2 /* Countries.sqlite-wal */,
			);
			path = Preloading;
			sourceTree = "<group>";
		};
		F5CB43DC24C5C4E300E796C5 /* MemoryOptimization */ = {
			isa = PBXGroup;
			children = (
				F5CB43FE24C5D05600E796C5 /* LargeImages.xcassets */,
				F5CB43E324C5CDD800E796C5 /* MemoryOptimization.swift */,
			);
			path = MemoryOptimization;
			sourceTree = "<group>";
		};
		F5CB43DD24C5C4FD00E796C5 /* MemoryLeaks */ = {
			isa = PBXGroup;
			children = (
			);
			path = MemoryLeaks;
			sourceTree = "<group>";
		};
		F5CB43DE24C5C50B00E796C5 /* TimeProfiler */ = {
			isa = PBXGroup;
			children = (
			);
			path = TimeProfiler;
			sourceTree = "<group>";
		};
		F5CB43DF24C5C51800E796C5 /* CollectionScrolling */ = {
			isa = PBXGroup;
			children = (
				F5AFEE0224C5E9DE00BAF54A /* CollectionScrollingViewController.swift */,
				F5AFEE0424C5EAA400BAF54A /* CollectionScrollingView.swift */,
				F5AFEE0624C5EBF600BAF54A /* CollectionScrolling.storyboard */,
				F5D16D4D24CB00A000ECF91D /* TrackedNumbersGenerator.swift */,
				F5D16D4F24CB01EC00ECF91D /* FileManager.swift */,
				F5D16D5124CB060300ECF91D /* NumberCollectionViewCell.swift */,
			);
			path = CollectionScrolling;
			sourceTree = "<group>";
		};
		F5CB43E124C5C54800E796C5 /* CoreDataOptimization */ = {
			isa = PBXGroup;
			children = (
				F5807B6124CB4519007283B2 /* Preloading */,
				F5807B3324CB1F9A007283B2 /* Countries.xcdatamodeld */,
				F5807B5F24CB4316007283B2 /* CoreDataManager.swift */,
				F5807B6924CB4E2A007283B2 /* CoreDataOptimizationView.swift */,
			);
			path = CoreDataOptimization;
			sourceTree = "<group>";
		};
		F5CB43E224C5C55300E796C5 /* StaticAnalyzer */ = {
			isa = PBXGroup;
			children = (
			);
			path = StaticAnalyzer;
			sourceTree = "<group>";
		};
/* End PBXGroup section */

/* Begin PBXNativeTarget section */
		18D775BC22AD944300AE281E /* TheExhibition */ = {
			isa = PBXNativeTarget;
			buildConfigurationList = 18D775D122AD944400AE281E /* Build configuration list for PBXNativeTarget "TheExhibition" */;
			buildPhases = (
				181FE31D248EA6C900A180EA /* ShellScript */,
				18D775B922AD944300AE281E /* Sources */,
				18D775BA22AD944300AE281E /* Frameworks */,
				18D775BB22AD944300AE281E /* Resources */,
			);
			buildRules = (
			);
			dependencies = (
			);
			name = TheExhibition;
			productName = MyRWTutorial;
			productReference = 18D775BD22AD944300AE281E /* TheExhibition.app */;
			productType = "com.apple.product-type.application";
		};
/* End PBXNativeTarget section */

/* Begin PBXProject section */
		18D775B522AD944300AE281E /* Project object */ = {
			isa = PBXProject;
			attributes = {
				LastSwiftUpdateCheck = 1100;
				LastUpgradeCheck = 1200;
				ORGANIZATIONNAME = "Ray Wenderlich";
				TargetAttributes = {
					18D775BC22AD944300AE281E = {
						CreatedOnToolsVersion = 11.0;
					};
				};
			};
			buildConfigurationList = 18D775B822AD944300AE281E /* Build configuration list for PBXProject "TheExhibition" */;
			compatibilityVersion = "Xcode 11.0";
			developmentRegion = en;
			hasScannedForEncodings = 0;
			knownRegions = (
				en,
				Base,
			);
			mainGroup = 18D775B422AD944300AE281E;
			productRefGroup = 18D775BE22AD944300AE281E /* Products */;
			projectDirPath = "";
			projectRoot = "";
			targets = (
				18D775BC22AD944300AE281E /* TheExhibition */,
			);
		};
/* End PBXProject section */

/* Begin PBXResourcesBuildPhase section */
		18D775BB22AD944300AE281E /* Resources */ = {
			isa = PBXResourcesBuildPhase;
			buildActionMask = 2147483647;
			files = (
				18D775D822AD963800AE281E /* LaunchScreen.storyboard in Resources */,
				F5AFEE0724C5EBF600BAF54A /* CollectionScrolling.storyboard in Resources */,
				F5807B7024CB9A93007283B2 /* Countries.sqlite-shm in Resources */,
				F5CB43FF24C5D05600E796C5 /* LargeImages.xcassets in Resources */,
				18D775CA22AD944400AE281E /* Preview Assets.xcassets in Resources */,
				F5807B6F24CB9A93007283B2 /* Countries.sqlite in Resources */,
				18D775C722AD944400AE281E /* Assets.xcassets in Resources */,
				F5807B6E24CB9A93007283B2 /* Countries.sqlite-wal in Resources */,
			);
			runOnlyForDeploymentPostprocessing = 0;
		};
/* End PBXResourcesBuildPhase section */

/* Begin PBXShellScriptBuildPhase section */
		181FE31D248EA6C900A180EA /* ShellScript */ = {
			isa = PBXShellScriptBuildPhase;
			buildActionMask = 2147483647;
			files = (
			);
			inputFileListPaths = (
			);
			inputPaths = (
			);
			outputFileListPaths = (
			);
			outputPaths = (
			);
			runOnlyForDeploymentPostprocessing = 0;
			shellPath = /bin/sh;
			shellScript = "if [ -f ~/com.raywenderlich.swiftlint.yml ]; then\n  if which swiftlint >/dev/null; then\n    swiftlint --config ~/com.raywenderlich.swiftlint.yml\n  fi\nfi\n";
		};
/* End PBXShellScriptBuildPhase section */

/* Begin PBXSourcesBuildPhase section */
		18D775B922AD944300AE281E /* Sources */ = {
			isa = PBXSourcesBuildPhase;
			buildActionMask = 2147483647;
			files = (
				F5807B3524CB1F9A007283B2 /* Countries.xcdatamodeld in Sources */,
				18D775C122AD944300AE281E /* AppDelegate.swift in Sources */,
				F5D16D5224CB060300ECF91D /* NumberCollectionViewCell.swift in Sources */,
				F5AFEE0324C5E9DE00BAF54A /* CollectionScrollingViewController.swift in Sources */,
				18D775C322AD944300AE281E /* SceneDelegate.swift in Sources */,
				18D775C522AD944300AE281E /* ContentView.swift in Sources */,
				F5807B6A24CB4E2A007283B2 /* CoreDataOptimizationView.swift in Sources */,
				F5AFEE0524C5EAA400BAF54A /* CollectionScrollingView.swift in Sources */,
				F5CB43E424C5CDD800E796C5 /* MemoryOptimization.swift in Sources */,
				F5D16D5324CB0AC400ECF91D /* TrackedNumbersGenerator.swift in Sources */,
				F5D16D5024CB01EC00ECF91D /* FileManager.swift in Sources */,
				F5807B6024CB4316007283B2 /* CoreDataManager.swift in Sources */,
			);
			runOnlyForDeploymentPostprocessing = 0;
		};
/* End PBXSourcesBuildPhase section */

/* Begin PBXVariantGroup section */
		18D775DA22AD963800AE281E /* LaunchScreen.storyboard */ = {
			isa = PBXVariantGroup;
			children = (
				18D775DE22AD96B400AE281E /* Base */,
			);
			name = LaunchScreen.storyboard;
			sourceTree = "<group>";
		};
/* End PBXVariantGroup section */

/* Begin XCBuildConfiguration section */
		18D775CF22AD944400AE281E /* Debug */ = {
			isa = XCBuildConfiguration;
			buildSettings = {
				ALWAYS_SEARCH_USER_PATHS = NO;
				CLANG_ANALYZER_NONNULL = YES;
				CLANG_ANALYZER_NUMBER_OBJECT_CONVERSION = YES_AGGRESSIVE;
				CLANG_CXX_LANGUAGE_STANDARD = "gnu++14";
				CLANG_CXX_LIBRARY = "libc++";
				CLANG_ENABLE_MODULES = YES;
				CLANG_ENABLE_OBJC_ARC = YES;
				CLANG_ENABLE_OBJC_WEAK = YES;
				CLANG_WARN_BLOCK_CAPTURE_AUTORELEASING = YES;
				CLANG_WARN_BOOL_CONVERSION = YES;
				CLANG_WARN_COMMA = YES;
				CLANG_WARN_CONSTANT_CONVERSION = YES;
				CLANG_WARN_DEPRECATED_OBJC_IMPLEMENTATIONS = YES;
				CLANG_WARN_DIRECT_OBJC_ISA_USAGE = YES_ERROR;
				CLANG_WARN_DOCUMENTATION_COMMENTS = YES;
				CLANG_WARN_EMPTY_BODY = YES;
				CLANG_WARN_ENUM_CONVERSION = YES;
				CLANG_WARN_INFINITE_RECURSION = YES;
				CLANG_WARN_INT_CONVERSION = YES;
				CLANG_WARN_NON_LITERAL_NULL_CONVERSION = YES;
				CLANG_WARN_OBJC_IMPLICIT_RETAIN_SELF = YES;
				CLANG_WARN_OBJC_LITERAL_CONVERSION = YES;
				CLANG_WARN_OBJC_ROOT_CLASS = YES_ERROR;
				CLANG_WARN_QUOTED_INCLUDE_IN_FRAMEWORK_HEADER = YES;
				CLANG_WARN_RANGE_LOOP_ANALYSIS = YES;
				CLANG_WARN_STRICT_PROTOTYPES = YES;
				CLANG_WARN_SUSPICIOUS_MOVE = YES;
				CLANG_WARN_UNGUARDED_AVAILABILITY = YES_AGGRESSIVE;
				CLANG_WARN_UNREACHABLE_CODE = YES;
				CLANG_WARN__DUPLICATE_METHOD_MATCH = YES;
				COPY_PHASE_STRIP = NO;
				DEBUG_INFORMATION_FORMAT = dwarf;
				ENABLE_STRICT_OBJC_MSGSEND = YES;
				ENABLE_TESTABILITY = YES;
				GCC_C_LANGUAGE_STANDARD = gnu11;
				GCC_DYNAMIC_NO_PIC = NO;
				GCC_NO_COMMON_BLOCKS = YES;
				GCC_OPTIMIZATION_LEVEL = 0;
				GCC_PREPROCESSOR_DEFINITIONS = (
					"DEBUG=1",
					"$(inherited)",
				);
				GCC_WARN_64_TO_32_BIT_CONVERSION = YES;
				GCC_WARN_ABOUT_RETURN_TYPE = YES_ERROR;
				GCC_WARN_UNDECLARED_SELECTOR = YES;
				GCC_WARN_UNINITIALIZED_AUTOS = YES_AGGRESSIVE;
				GCC_WARN_UNUSED_FUNCTION = YES;
				GCC_WARN_UNUSED_VARIABLE = YES;
				IPHONEOS_DEPLOYMENT_TARGET = 13.2;
				MTL_ENABLE_DEBUG_INFO = INCLUDE_SOURCE;
				MTL_FAST_MATH = YES;
				ONLY_ACTIVE_ARCH = YES;
				SDKROOT = iphoneos;
				SWIFT_ACTIVE_COMPILATION_CONDITIONS = DEBUG;
				SWIFT_OPTIMIZATION_LEVEL = "-Onone";
			};
			name = Debug;
		};
		18D775D022AD944400AE281E /* Release */ = {
			isa = XCBuildConfiguration;
			buildSettings = {
				ALWAYS_SEARCH_USER_PATHS = NO;
				CLANG_ANALYZER_NONNULL = YES;
				CLANG_ANALYZER_NUMBER_OBJECT_CONVERSION = YES_AGGRESSIVE;
				CLANG_CXX_LANGUAGE_STANDARD = "gnu++14";
				CLANG_CXX_LIBRARY = "libc++";
				CLANG_ENABLE_MODULES = YES;
				CLANG_ENABLE_OBJC_ARC = YES;
				CLANG_ENABLE_OBJC_WEAK = YES;
				CLANG_WARN_BLOCK_CAPTURE_AUTORELEASING = YES;
				CLANG_WARN_BOOL_CONVERSION = YES;
				CLANG_WARN_COMMA = YES;
				CLANG_WARN_CONSTANT_CONVERSION = YES;
				CLANG_WARN_DEPRECATED_OBJC_IMPLEMENTATIONS = YES;
				CLANG_WARN_DIRECT_OBJC_ISA_USAGE = YES_ERROR;
				CLANG_WARN_DOCUMENTATION_COMMENTS = YES;
				CLANG_WARN_EMPTY_BODY = YES;
				CLANG_WARN_ENUM_CONVERSION = YES;
				CLANG_WARN_INFINITE_RECURSION = YES;
				CLANG_WARN_INT_CONVERSION = YES;
				CLANG_WARN_NON_LITERAL_NULL_CONVERSION = YES;
				CLANG_WARN_OBJC_IMPLICIT_RETAIN_SELF = YES;
				CLANG_WARN_OBJC_LITERAL_CONVERSION = YES;
				CLANG_WARN_OBJC_ROOT_CLASS = YES_ERROR;
				CLANG_WARN_QUOTED_INCLUDE_IN_FRAMEWORK_HEADER = YES;
				CLANG_WARN_RANGE_LOOP_ANALYSIS = YES;
				CLANG_WARN_STRICT_PROTOTYPES = YES;
				CLANG_WARN_SUSPICIOUS_MOVE = YES;
				CLANG_WARN_UNGUARDED_AVAILABILITY = YES_AGGRESSIVE;
				CLANG_WARN_UNREACHABLE_CODE = YES;
				CLANG_WARN__DUPLICATE_METHOD_MATCH = YES;
				COPY_PHASE_STRIP = NO;
				DEBUG_INFORMATION_FORMAT = "dwarf-with-dsym";
				ENABLE_NS_ASSERTIONS = NO;
				ENABLE_STRICT_OBJC_MSGSEND = YES;
				GCC_C_LANGUAGE_STANDARD = gnu11;
				GCC_NO_COMMON_BLOCKS = YES;
				GCC_WARN_64_TO_32_BIT_CONVERSION = YES;
				GCC_WARN_ABOUT_RETURN_TYPE = YES_ERROR;
				GCC_WARN_UNDECLARED_SELECTOR = YES;
				GCC_WARN_UNINITIALIZED_AUTOS = YES_AGGRESSIVE;
				GCC_WARN_UNUSED_FUNCTION = YES;
				GCC_WARN_UNUSED_VARIABLE = YES;
				IPHONEOS_DEPLOYMENT_TARGET = 13.2;
				MTL_ENABLE_DEBUG_INFO = NO;
				MTL_FAST_MATH = YES;
				SDKROOT = iphoneos;
				SWIFT_COMPILATION_MODE = wholemodule;
				SWIFT_OPTIMIZATION_LEVEL = "-O";
				VALIDATE_PRODUCT = YES;
			};
			name = Release;
		};
		18D775D222AD944400AE281E /* Debug */ = {
			isa = XCBuildConfiguration;
			buildSettings = {
				ASSETCATALOG_COMPILER_APPICON_NAME = AppIcon;
				CODE_SIGN_STYLE = Automatic;
				DEVELOPMENT_ASSET_PATHS = "TheExhibition/Preview\\ Content";
				DEVELOPMENT_TEAM = "";
				ENABLE_PREVIEWS = YES;
				INFOPLIST_FILE = TheExhibition/Info.plist;
				IPHONEOS_DEPLOYMENT_TARGET = 14.0;
				LD_RUNPATH_SEARCH_PATHS = (
					"$(inherited)",
					"@executable_path/Frameworks",
				);
				PRODUCT_BUNDLE_IDENTIFIER = com.raywenderlich.MyRWTutorial;
				PRODUCT_NAME = "$(TARGET_NAME)";
				SWIFT_VERSION = 5.0;
				TARGETED_DEVICE_FAMILY = "1,2";
			};
			name = Debug;
		};
		18D775D322AD944400AE281E /* Release */ = {
			isa = XCBuildConfiguration;
			buildSettings = {
				ASSETCATALOG_COMPILER_APPICON_NAME = AppIcon;
				CODE_SIGN_STYLE = Automatic;
				DEVELOPMENT_ASSET_PATHS = "TheExhibition/Preview\\ Content";
				DEVELOPMENT_TEAM = "";
				ENABLE_PREVIEWS = YES;
				INFOPLIST_FILE = TheExhibition/Info.plist;
				IPHONEOS_DEPLOYMENT_TARGET = 14.0;
				LD_RUNPATH_SEARCH_PATHS = (
					"$(inherited)",
					"@executable_path/Frameworks",
				);
				PRODUCT_BUNDLE_IDENTIFIER = com.raywenderlich.MyRWTutorial;
				PRODUCT_NAME = "$(TARGET_NAME)";
				SWIFT_VERSION = 5.0;
				TARGETED_DEVICE_FAMILY = "1,2";
			};
			name = Release;
		};
/* End XCBuildConfiguration section */

/* Begin XCConfigurationList section */
		18D775B822AD944300AE281E /* Build configuration list for PBXProject "TheExhibition" */ = {
			isa = XCConfigurationList;
			buildConfigurations = (
				18D775CF22AD944400AE281E /* Debug */,
				18D775D022AD944400AE281E /* Release */,
			);
			defaultConfigurationIsVisible = 0;
			defaultConfigurationName = Release;
		};
		18D775D122AD944400AE281E /* Build configuration list for PBXNativeTarget "TheExhibition" */ = {
			isa = XCConfigurationList;
			buildConfigurations = (
				18D775D222AD944400AE281E /* Debug */,
				18D775D322AD944400AE281E /* Release */,
			);
			defaultConfigurationIsVisible = 0;
			defaultConfigurationName = Release;
		};
/* End XCConfigurationList section */

/* Begin XCVersionGroup section */
		F5807B3324CB1F9A007283B2 /* Countries.xcdatamodeld */ = {
			isa = XCVersionGroup;
			children = (
				F5807B3424CB1F9A007283B2 /* Countries.xcdatamodel */,
			);
			currentVersion = F5807B3424CB1F9A007283B2 /* Countries.xcdatamodel */;
			path = Countries.xcdatamodeld;
			sourceTree = "<group>";
			versionGroupType = wrapper.xcdatamodel;
		};
/* End XCVersionGroup section */
	};
	rootObject = 18D775B522AD944300AE281E /* Project object */;
}
