{
  "object": {
    "pins": [
      {
        "package": "ImagePublisher",
        "repositoryURL": "https://github.com/kean/ImagePublisher",
        "state": {
          "branch": null,
          "revision": "b74c0c3b36c5f77023891f996be818fafc77f264",
          "version": "0.2.1"
        }
      },
      {
        "package": "Nuke",
        "repositoryURL": "https://github.com/kean/Nuke.git",
        "state": {
          "branch": null,
          "revision": "e901272a7cc5a28734d4f196d543edcf7efd8f4c",
          "version": "9.0.0"
        }
      },
      {
        "package": "TimelaneCombine",
        "repositoryURL": "https://github.com/icanzilb/TimelaneCombine",
        "state": {
          "branch": null,
          "revision": "d97f27b600de3b5a2ad20f610d67c6eeac380300",
          "version": "1.0.10"
        }
      },
      {
        "package": "TimelaneCore",
        "repositoryURL": "https://github.com/icanzilb/TimelaneCore",
        "state": {
          "branch": null,
          "revision": "27df4c10e762d206164dce47b42816a452cab283",
          "version": "1.0.13"
        }
      }
    ]
  },
  "version": 1
}
