// !$*UTF8*$!
{
	archiveVersion = 1;
	classes = {
	};
	objectVersion = 52;
	objects = {

/* Begin PBXBuildFile section */
		18D775C722AD944400AE281E /* Assets.xcassets in Resources */ = {isa = PBXBuildFile; fileRef = 18D775C622AD944400AE281E /* Assets.xcassets */; };
		18D775CA22AD944400AE281E /* Preview Assets.xcassets in Resources */ = {isa = PBXBuildFile; fileRef = 18D775C922AD944400AE281E /* Preview Assets.xcassets */; };
		5D044ABE24F6DEAC00AB4908 /* PanZoomScaleTracker.swift in Sources */ = {isa = PBXBuildFile; fileRef = 5D044ABD24F6DEAC00AB4908 /* PanZoomScaleTracker.swift */; };
		5D233621263D43490047D1FD /* ComplexModule in Frameworks */ = {isa = PBXBuildFile; productRef = 5D233620263D43490047D1FD /* ComplexModule */; };
		5D233623263D43490047D1FD /* RealModule in Frameworks */ = {isa = PBXBuildFile; productRef = 5D233622263D43490047D1FD /* RealModule */; };
		5D233625263D43490047D1FD /* Numerics in Frameworks */ = {isa = PBXBuildFile; productRef = 5D233624263D43490047D1FD /* Numerics */; };
		5D2B1CC9250FE2C4000F6403 /* CGFloatConvertable.swift in Sources */ = {isa = PBXBuildFile; fileRef = 5D2B1CC8250FE2C4000F6403 /* CGFloatConvertable.swift */; };
		5DC5C60D2565CD2C0045EDDB /* LICENSE in Resources */ = {isa = PBXBuildFile; fileRef = 5DC5C60C2565CD2C0045EDDB /* LICENSE */; };
		5DCDC80224F6416000A1B2B5 /* StrokeLegend.swift in Sources */ = {isa = PBXBuildFile; fileRef = 5DCDC7F724F6416000A1B2B5 /* StrokeLegend.swift */; };
		5DCDC80324F6416000A1B2B5 /* MandelbrotApp.swift in Sources */ = {isa = PBXBuildFile; fileRef = 5DCDC7F824F6416000A1B2B5 /* MandelbrotApp.swift */; };
		5DCDC80424F6416000A1B2B5 /* Bitmap.swift in Sources */ = {isa = PBXBuildFile; fileRef = 5DCDC7F924F6416000A1B2B5 /* Bitmap.swift */; };
		5DCDC80524F6416000A1B2B5 /* MandelbrotMath.swift in Sources */ = {isa = PBXBuildFile; fileRef = 5DCDC7FA24F6416000A1B2B5 /* MandelbrotMath.swift */; };
		5DCDC80624F6416000A1B2B5 /* GraphingView.swift in Sources */ = {isa = PBXBuildFile; fileRef = 5DCDC7FB24F6416000A1B2B5 /* GraphingView.swift */; };
		5DCDC80724F6416000A1B2B5 /* MandelbrotViewModel.swift in Sources */ = {isa = PBXBuildFile; fileRef = 5DCDC7FC24F6416000A1B2B5 /* MandelbrotViewModel.swift */; };
		5DCDC80824F6416000A1B2B5 /* PixelPalette.swift in Sources */ = {isa = PBXBuildFile; fileRef = 5DCDC7FD24F6416000A1B2B5 /* PixelPalette.swift */; };
		5DCDC80924F6416000A1B2B5 /* CGPoint+Operators.swift in Sources */ = {isa = PBXBuildFile; fileRef = 5DCDC7FE24F6416000A1B2B5 /* CGPoint+Operators.swift */; };
		5DCDC80A24F6416000A1B2B5 /* MandelbrotView.swift in Sources */ = {isa = PBXBuildFile; fileRef = 5DCDC7FF24F6416000A1B2B5 /* MandelbrotView.swift */; };
		5DCDC80B24F6416000A1B2B5 /* NavigationSidebar.swift in Sources */ = {isa = PBXBuildFile; fileRef = 5DCDC80024F6416000A1B2B5 /* NavigationSidebar.swift */; };
		5DCDC80C24F6416000A1B2B5 /* MandelbrotImagePublisher.swift in Sources */ = {isa = PBXBuildFile; fileRef = 5DCDC80124F6416000A1B2B5 /* MandelbrotImagePublisher.swift */; };
/* End PBXBuildFile section */

/* Begin PBXFileReference section */
		18D775BD22AD944300AE281E /* Mandelbrot.app */ = {isa = PBXFileReference; explicitFileType = wrapper.application; includeInIndex = 0; path = Mandelbrot.app; sourceTree = BUILT_PRODUCTS_DIR; };
		18D775C622AD944400AE281E /* Assets.xcassets */ = {isa = PBXFileReference; lastKnownFileType = folder.assetcatalog; path = Assets.xcassets; sourceTree = "<group>"; };
		18D775C922AD944400AE281E /* Preview Assets.xcassets */ = {isa = PBXFileReference; lastKnownFileType = folder.assetcatalog; path = "Preview Assets.xcassets"; sourceTree = "<group>"; };
		18D775CE22AD944400AE281E /* Info.plist */ = {isa = PBXFileReference; lastKnownFileType = text.plist.xml; path = Info.plist; sourceTree = "<group>"; };
		5D044ABD24F6DEAC00AB4908 /* PanZoomScaleTracker.swift */ = {isa = PBXFileReference; lastKnownFileType = sourcecode.swift; path = PanZoomScaleTracker.swift; sourceTree = "<group>"; };
		5D2B1CC8250FE2C4000F6403 /* CGFloatConvertable.swift */ = {isa = PBXFileReference; lastKnownFileType = sourcecode.swift; path = CGFloatConvertable.swift; sourceTree = "<group>"; };
		5DC5C60C2565CD2C0045EDDB /* LICENSE */ = {isa = PBXFileReference; fileEncoding = 4; lastKnownFileType = text; path = LICENSE; sourceTree = "<group>"; };
		5DCDC7F724F6416000A1B2B5 /* StrokeLegend.swift */ = {isa = PBXFileReference; fileEncoding = 4; lastKnownFileType = sourcecode.swift; path = StrokeLegend.swift; sourceTree = "<group>"; };
		5DCDC7F824F6416000A1B2B5 /* MandelbrotApp.swift */ = {isa = PBXFileReference; fileEncoding = 4; lastKnownFileType = sourcecode.swift; path = MandelbrotApp.swift; sourceTree = "<group>"; };
		5DCDC7F924F6416000A1B2B5 /* Bitmap.swift */ = {isa = PBXFileReference; fileEncoding = 4; lastKnownFileType = sourcecode.swift; path = Bitmap.swift; sourceTree = "<group>"; };
		5DCDC7FA24F6416000A1B2B5 /* MandelbrotMath.swift */ = {isa = PBXFileReference; fileEncoding = 4; lastKnownFileType = sourcecode.swift; path = MandelbrotMath.swift; sourceTree = "<group>"; };
		5DCDC7FB24F6416000A1B2B5 /* GraphingView.swift */ = {isa = PBXFileReference; fileEncoding = 4; lastKnownFileType = sourcecode.swift; path = GraphingView.swift; sourceTree = "<group>"; };
		5DCDC7FC24F6416000A1B2B5 /* MandelbrotViewModel.swift */ = {isa = PBXFileReference; fileEncoding = 4; lastKnownFileType = sourcecode.swift; path = MandelbrotViewModel.swift; sourceTree = "<group>"; };
		5DCDC7FD24F6416000A1B2B5 /* PixelPalette.swift */ = {isa = PBXFileReference; fileEncoding = 4; lastKnownFileType = sourcecode.swift; path = PixelPalette.swift; sourceTree = "<group>"; };
		5DCDC7FE24F6416000A1B2B5 /* CGPoint+Operators.swift */ = {isa = PBXFileReference; fileEncoding = 4; lastKnownFileType = sourcecode.swift; path = "CGPoint+Operators.swift"; sourceTree = "<group>"; };
		5DCDC7FF24F6416000A1B2B5 /* MandelbrotView.swift */ = {isa = PBXFileReference; fileEncoding = 4; lastKnownFileType = sourcecode.swift; path = MandelbrotView.swift; sourceTree = "<group>"; };
		5DCDC80024F6416000A1B2B5 /* NavigationSidebar.swift */ = {isa = PBXFileReference; fileEncoding = 4; lastKnownFileType = sourcecode.swift; path = NavigationSidebar.swift; sourceTree = "<group>"; };
		5DCDC80124F6416000A1B2B5 /* MandelbrotImagePublisher.swift */ = {isa = PBXFileReference; fileEncoding = 4; lastKnownFileType = sourcecode.swift; path = MandelbrotImagePublisher.swift; sourceTree = "<group>"; };
/* End PBXFileReference section */

/* Begin PBXFrameworksBuildPhase section */
		18D775BA22AD944300AE281E /* Frameworks */ = {
			isa = PBXFrameworksBuildPhase;
			buildActionMask = 2147483647;
			files = (
				5D233623263D43490047D1FD /* RealModule in Frameworks */,
				5D233625263D43490047D1FD /* Numerics in Frameworks */,
				5D233621263D43490047D1FD /* ComplexModule in Frameworks */,
			);
			runOnlyForDeploymentPostprocessing = 0;
		};
/* End PBXFrameworksBuildPhase section */

/* Begin PBXGroup section */
		18D775B422AD944300AE281E = {
			isa = PBXGroup;
			children = (
				5DC5C60C2565CD2C0045EDDB /* LICENSE */,
				18D775BF22AD944300AE281E /* Mandelbrot */,
				18D775BE22AD944300AE281E /* Products */,
			);
			indentWidth = 2;
			sourceTree = "<group>";
			tabWidth = 2;
		};
		18D775BE22AD944300AE281E /* Products */ = {
			isa = PBXGroup;
			children = (
				18D775BD22AD944300AE281E /* Mandelbrot.app */,
			);
			name = Products;
			sourceTree = "<group>";
		};
		18D775BF22AD944300AE281E /* Mandelbrot */ = {
			isa = PBXGroup;
			children = (
				5DCDC7F924F6416000A1B2B5 /* Bitmap.swift */,
				5D2B1CC8250FE2C4000F6403 /* CGFloatConvertable.swift */,
				5DCDC7FE24F6416000A1B2B5 /* CGPoint+Operators.swift */,
				5DCDC7FB24F6416000A1B2B5 /* GraphingView.swift */,
				5DCDC7F824F6416000A1B2B5 /* MandelbrotApp.swift */,
				5DCDC80124F6416000A1B2B5 /* MandelbrotImagePublisher.swift */,
				5DCDC7FA24F6416000A1B2B5 /* MandelbrotMath.swift */,
				5DCDC7FF24F6416000A1B2B5 /* MandelbrotView.swift */,
				5DCDC7FC24F6416000A1B2B5 /* MandelbrotViewModel.swift */,
				5DCDC80024F6416000A1B2B5 /* NavigationSidebar.swift */,
				5D044ABD24F6DEAC00AB4908 /* PanZoomScaleTracker.swift */,
				5DCDC7FD24F6416000A1B2B5 /* PixelPalette.swift */,
				5DCDC7F724F6416000A1B2B5 /* StrokeLegend.swift */,
				18D775C622AD944400AE281E /* Assets.xcassets */,
				18D775CE22AD944400AE281E /* Info.plist */,
				18D775C822AD944400AE281E /* Preview Content */,
			);
			path = Mandelbrot;
			sourceTree = "<group>";
		};
		18D775C822AD944400AE281E /* Preview Content */ = {
			isa = PBXGroup;
			children = (
				18D775C922AD944400AE281E /* Preview Assets.xcassets */,
			);
			path = "Preview Content";
			sourceTree = "<group>";
		};
/* End PBXGroup section */

/* Begin PBXNativeTarget section */
		18D775BC22AD944300AE281E /* Mandelbrot */ = {
			isa = PBXNativeTarget;
			buildConfigurationList = 18D775D122AD944400AE281E /* Build configuration list for PBXNativeTarget "Mandelbrot" */;
			buildPhases = (
				181FE31D248EA6C900A180EA /* SwiftLint */,
				18D775B922AD944300AE281E /* Sources */,
				18D775BA22AD944300AE281E /* Frameworks */,
				18D775BB22AD944300AE281E /* Resources */,
			);
			buildRules = (
			);
			dependencies = (
			);
			name = Mandelbrot;
			packageProductDependencies = (
				5D233620263D43490047D1FD /* ComplexModule */,
				5D233622263D43490047D1FD /* RealModule */,
				5D233624263D43490047D1FD /* Numerics */,
			);
			productName = MyRWTutorial;
			productReference = 18D775BD22AD944300AE281E /* Mandelbrot.app */;
			productType = "com.apple.product-type.application";
		};
/* End PBXNativeTarget section */

/* Begin PBXProject section */
		18D775B522AD944300AE281E /* Project object */ = {
			isa = PBXProject;
			attributes = {
				LastSwiftUpdateCheck = 1100;
				LastUpgradeCheck = 1200;
				ORGANIZATIONNAME = "Ray Wenderlich";
				TargetAttributes = {
					18D775BC22AD944300AE281E = {
						CreatedOnToolsVersion = 11.0;
						LastSwiftMigration = 1200;
					};
				};
			};
			buildConfigurationList = 18D775B822AD944300AE281E /* Build configuration list for PBXProject "Mandelbrot" */;
			compatibilityVersion = "Xcode 11.0";
			developmentRegion = en;
			hasScannedForEncodings = 0;
			knownRegions = (
				en,
				Base,
			);
			mainGroup = 18D775B422AD944300AE281E;
			packageReferences = (
				5D23361F263D43490047D1FD /* XCRemoteSwiftPackageReference "swift-numerics" */,
			);
			productRefGroup = 18D775BE22AD944300AE281E /* Products */;
			projectDirPath = "";
			projectRoot = "";
			targets = (
				18D775BC22AD944300AE281E /* Mandelbrot */,
			);
		};
/* End PBXProject section */

/* Begin PBXResourcesBuildPhase section */
		18D775BB22AD944300AE281E /* Resources */ = {
			isa = PBXResourcesBuildPhase;
			buildActionMask = 2147483647;
			files = (
				5DC5C60D2565CD2C0045EDDB /* LICENSE in Resources */,
				18D775CA22AD944400AE281E /* Preview Assets.xcassets in Resources */,
				18D775C722AD944400AE281E /* Assets.xcassets in Resources */,
			);
			runOnlyForDeploymentPostprocessing = 0;
		};
/* End PBXResourcesBuildPhase section */

/* Begin PBXShellScriptBuildPhase section */
		181FE31D248EA6C900A180EA /* SwiftLint */ = {
			isa = PBXShellScriptBuildPhase;
			buildActionMask = 2147483647;
			files = (
			);
			inputFileListPaths = (
			);
			inputPaths = (
			);
			name = SwiftLint;
			outputFileListPaths = (
			);
			outputPaths = (
			);
			runOnlyForDeploymentPostprocessing = 0;
			shellPath = /bin/sh;
			shellScript = "if [ -f ~/com.raywenderlich.swiftlint.yml ]; then\n  if which swiftlint >/dev/null; then\n    swiftlint --config ~/com.raywenderlich.swiftlint.yml\n  fi\nfi\n";
		};
/* End PBXShellScriptBuildPhase section */

/* Begin PBXSourcesBuildPhase section */
		18D775B922AD944300AE281E /* Sources */ = {
			isa = PBXSourcesBuildPhase;
			buildActionMask = 2147483647;
			files = (
				5DCDC80B24F6416000A1B2B5 /* NavigationSidebar.swift in Sources */,
				5DCDC80924F6416000A1B2B5 /* CGPoint+Operators.swift in Sources */,
				5D2B1CC9250FE2C4000F6403 /* CGFloatConvertable.swift in Sources */,
				5DCDC80C24F6416000A1B2B5 /* MandelbrotImagePublisher.swift in Sources */,
				5DCDC80224F6416000A1B2B5 /* StrokeLegend.swift in Sources */,
				5D044ABE24F6DEAC00AB4908 /* PanZoomScaleTracker.swift in Sources */,
				5DCDC80524F6416000A1B2B5 /* MandelbrotMath.swift in Sources */,
				5DCDC80724F6416000A1B2B5 /* MandelbrotViewModel.swift in Sources */,
				5DCDC80624F6416000A1B2B5 /* GraphingView.swift in Sources */,
				5DCDC80824F6416000A1B2B5 /* PixelPalette.swift in Sources */,
				5DCDC80A24F6416000A1B2B5 /* MandelbrotView.swift in Sources */,
				5DCDC80424F6416000A1B2B5 /* Bitmap.swift in Sources */,
				5DCDC80324F6416000A1B2B5 /* MandelbrotApp.swift in Sources */,
			);
			runOnlyForDeploymentPostprocessing = 0;
		};
/* End PBXSourcesBuildPhase section */

/* Begin XCBuildConfiguration section */
		18D775CF22AD944400AE281E /* Debug */ = {
			isa = XCBuildConfiguration;
			buildSettings = {
				ALWAYS_SEARCH_USER_PATHS = NO;
				CLANG_ANALYZER_NONNULL = YES;
				CLANG_ANALYZER_NUMBER_OBJECT_CONVERSION = YES_AGGRESSIVE;
				CLANG_CXX_LANGUAGE_STANDARD = "gnu++14";
				CLANG_CXX_LIBRARY = "libc++";
				CLANG_ENABLE_MODULES = YES;
				CLANG_ENABLE_OBJC_ARC = YES;
				CLANG_ENABLE_OBJC_WEAK = YES;
				CLANG_WARN_BLOCK_CAPTURE_AUTORELEASING = YES;
				CLANG_WARN_BOOL_CONVERSION = YES;
				CLANG_WARN_COMMA = YES;
				CLANG_WARN_CONSTANT_CONVERSION = YES;
				CLANG_WARN_DEPRECATED_OBJC_IMPLEMENTATIONS = YES;
				CLANG_WARN_DIRECT_OBJC_ISA_USAGE = YES_ERROR;
				CLANG_WARN_DOCUMENTATION_COMMENTS = YES;
				CLANG_WARN_EMPTY_BODY = YES;
				CLANG_WARN_ENUM_CONVERSION = YES;
				CLANG_WARN_INFINITE_RECURSION = YES;
				CLANG_WARN_INT_CONVERSION = YES;
				CLANG_WARN_NON_LITERAL_NULL_CONVERSION = YES;
				CLANG_WARN_OBJC_IMPLICIT_RETAIN_SELF = YES;
				CLANG_WARN_OBJC_LITERAL_CONVERSION = YES;
				CLANG_WARN_OBJC_ROOT_CLASS = YES_ERROR;
				CLANG_WARN_QUOTED_INCLUDE_IN_FRAMEWORK_HEADER = YES;
				CLANG_WARN_RANGE_LOOP_ANALYSIS = YES;
				CLANG_WARN_STRICT_PROTOTYPES = YES;
				CLANG_WARN_SUSPICIOUS_MOVE = YES;
				CLANG_WARN_UNGUARDED_AVAILABILITY = YES_AGGRESSIVE;
				CLANG_WARN_UNREACHABLE_CODE = YES;
				CLANG_WARN__DUPLICATE_METHOD_MATCH = YES;
				COPY_PHASE_STRIP = NO;
				DEBUG_INFORMATION_FORMAT = dwarf;
				ENABLE_STRICT_OBJC_MSGSEND = YES;
				ENABLE_TESTABILITY = YES;
				GCC_C_LANGUAGE_STANDARD = gnu11;
				GCC_DYNAMIC_NO_PIC = NO;
				GCC_NO_COMMON_BLOCKS = YES;
				GCC_OPTIMIZATION_LEVEL = 0;
				GCC_PREPROCESSOR_DEFINITIONS = (
					"DEBUG=1",
					"$(inherited)",
				);
				GCC_WARN_64_TO_32_BIT_CONVERSION = YES;
				GCC_WARN_ABOUT_RETURN_TYPE = YES_ERROR;
				GCC_WARN_UNDECLARED_SELECTOR = YES;
				GCC_WARN_UNINITIALIZED_AUTOS = YES_AGGRESSIVE;
				GCC_WARN_UNUSED_FUNCTION = YES;
				GCC_WARN_UNUSED_VARIABLE = YES;
				IPHONEOS_DEPLOYMENT_TARGET = 14.0;
				MTL_ENABLE_DEBUG_INFO = INCLUDE_SOURCE;
				MTL_FAST_MATH = YES;
				ONLY_ACTIVE_ARCH = YES;
				SDKROOT = iphoneos;
				SWIFT_ACTIVE_COMPILATION_CONDITIONS = DEBUG;
				SWIFT_OPTIMIZATION_LEVEL = "-Onone";
			};
			name = Debug;
		};
		18D775D022AD944400AE281E /* Release */ = {
			isa = XCBuildConfiguration;
			buildSettings = {
				ALWAYS_SEARCH_USER_PATHS = NO;
				CLANG_ANALYZER_NONNULL = YES;
				CLANG_ANALYZER_NUMBER_OBJECT_CONVERSION = YES_AGGRESSIVE;
				CLANG_CXX_LANGUAGE_STANDARD = "gnu++14";
				CLANG_CXX_LIBRARY = "libc++";
				CLANG_ENABLE_MODULES = YES;
				CLANG_ENABLE_OBJC_ARC = YES;
				CLANG_ENABLE_OBJC_WEAK = YES;
				CLANG_WARN_BLOCK_CAPTURE_AUTORELEASING = YES;
				CLANG_WARN_BOOL_CONVERSION = YES;
				CLANG_WARN_COMMA = YES;
				CLANG_WARN_CONSTANT_CONVERSION = YES;
				CLANG_WARN_DEPRECATED_OBJC_IMPLEMENTATIONS = YES;
				CLANG_WARN_DIRECT_OBJC_ISA_USAGE = YES_ERROR;
				CLANG_WARN_DOCUMENTATION_COMMENTS = YES;
				CLANG_WARN_EMPTY_BODY = YES;
				CLANG_WARN_ENUM_CONVERSION = YES;
				CLANG_WARN_INFINITE_RECURSION = YES;
				CLANG_WARN_INT_CONVERSION = YES;
				CLANG_WARN_NON_LITERAL_NULL_CONVERSION = YES;
				CLANG_WARN_OBJC_IMPLICIT_RETAIN_SELF = YES;
				CLANG_WARN_OBJC_LITERAL_CONVERSION = YES;
				CLANG_WARN_OBJC_ROOT_CLASS = YES_ERROR;
				CLANG_WARN_QUOTED_INCLUDE_IN_FRAMEWORK_HEADER = YES;
				CLANG_WARN_RANGE_LOOP_ANALYSIS = YES;
				CLANG_WARN_STRICT_PROTOTYPES = YES;
				CLANG_WARN_SUSPICIOUS_MOVE = YES;
				CLANG_WARN_UNGUARDED_AVAILABILITY = YES_AGGRESSIVE;
				CLANG_WARN_UNREACHABLE_CODE = YES;
				CLANG_WARN__DUPLICATE_METHOD_MATCH = YES;
				COPY_PHASE_STRIP = NO;
				DEBUG_INFORMATION_FORMAT = "dwarf-with-dsym";
				ENABLE_NS_ASSERTIONS = NO;
				ENABLE_STRICT_OBJC_MSGSEND = YES;
				GCC_C_LANGUAGE_STANDARD = gnu11;
				GCC_NO_COMMON_BLOCKS = YES;
				GCC_WARN_64_TO_32_BIT_CONVERSION = YES;
				GCC_WARN_ABOUT_RETURN_TYPE = YES_ERROR;
				GCC_WARN_UNDECLARED_SELECTOR = YES;
				GCC_WARN_UNINITIALIZED_AUTOS = YES_AGGRESSIVE;
				GCC_WARN_UNUSED_FUNCTION = YES;
				GCC_WARN_UNUSED_VARIABLE = YES;
				IPHONEOS_DEPLOYMENT_TARGET = 14.0;
				MTL_ENABLE_DEBUG_INFO = NO;
				MTL_FAST_MATH = YES;
				SDKROOT = iphoneos;
				SWIFT_COMPILATION_MODE = wholemodule;
				SWIFT_OPTIMIZATION_LEVEL = "-O";
				VALIDATE_PRODUCT = YES;
			};
			name = Release;
		};
		18D775D222AD944400AE281E /* Debug */ = {
			isa = XCBuildConfiguration;
			buildSettings = {
				ASSETCATALOG_COMPILER_APPICON_NAME = AppIcon;
				CLANG_ENABLE_MODULES = YES;
				CODE_SIGN_STYLE = Automatic;
				DEVELOPMENT_TEAM = Y2JLK838WQ;
				ENABLE_PREVIEWS = YES;
				INFOPLIST_FILE = Mandelbrot/Info.plist;
				LD_RUNPATH_SEARCH_PATHS = (
					"$(inherited)",
					"@executable_path/Frameworks",
				);
				PRODUCT_BUNDLE_IDENTIFIER = com.raywenderlich.Mandelbrot;
				PRODUCT_NAME = "$(TARGET_NAME)";
				SWIFT_OPTIMIZATION_LEVEL = "-Onone";
				SWIFT_VERSION = 5.0;
				TARGETED_DEVICE_FAMILY = 2;
			};
			name = Debug;
		};
		18D775D322AD944400AE281E /* Release */ = {
			isa = XCBuildConfiguration;
			buildSettings = {
				ASSETCATALOG_COMPILER_APPICON_NAME = AppIcon;
				CLANG_ENABLE_MODULES = YES;
				CODE_SIGN_STYLE = Automatic;
				DEVELOPMENT_TEAM = Y2JLK838WQ;
				ENABLE_PREVIEWS = YES;
				INFOPLIST_FILE = Mandelbrot/Info.plist;
				LD_RUNPATH_SEARCH_PATHS = (
					"$(inherited)",
					"@executable_path/Frameworks",
				);
				PRODUCT_BUNDLE_IDENTIFIER = com.raywenderlich.Mandelbrot;
				PRODUCT_NAME = "$(TARGET_NAME)";
				SWIFT_VERSION = 5.0;
				TARGETED_DEVICE_FAMILY = 2;
			};
			name = Release;
		};
/* End XCBuildConfiguration section */

/* Begin XCConfigurationList section */
		18D775B822AD944300AE281E /* Build configuration list for PBXProject "Mandelbrot" */ = {
			isa = XCConfigurationList;
			buildConfigurations = (
				18D775CF22AD944400AE281E /* Debug */,
				18D775D022AD944400AE281E /* Release */,
			);
			defaultConfigurationIsVisible = 0;
			defaultConfigurationName = Release;
		};
		18D775D122AD944400AE281E /* Build configuration list for PBXNativeTarget "Mandelbrot" */ = {
			isa = XCConfigurationList;
			buildConfigurations = (
				18D775D222AD944400AE281E /* Debug */,
				18D775D322AD944400AE281E /* Release */,
			);
			defaultConfigurationIsVisible = 0;
			defaultConfigurationName = Release;
		};
/* End XCConfigurationList section */

/* Begin XCRemoteSwiftPackageReference section */
		5D23361F263D43490047D1FD /* XCRemoteSwiftPackageReference "swift-numerics" */ = {
			isa = XCRemoteSwiftPackageReference;
			repositoryURL = "https://github.com/apple/swift-numerics";
			requirement = {
				kind = upToNextMajorVersion;
				minimumVersion = 0.1.0;
			};
		};
/* End XCRemoteSwiftPackageReference section */

/* Begin XCSwiftPackageProductDependency section */
		5D233620263D43490047D1FD /* ComplexModule */ = {
			isa = XCSwiftPackageProductDependency;
			package = 5D23361F263D43490047D1FD /* XCRemoteSwiftPackageReference "swift-numerics" */;
			productName = ComplexModule;
		};
		5D233622263D43490047D1FD /* RealModule */ = {
			isa = XCSwiftPackageProductDependency;
			package = 5D23361F263D43490047D1FD /* XCRemoteSwiftPackageReference "swift-numerics" */;
			productName = RealModule;
		};
		5D233624263D43490047D1FD /* Numerics */ = {
			isa = XCSwiftPackageProductDependency;
			package = 5D23361F263D43490047D1FD /* XCRemoteSwiftPackageReference "swift-numerics" */;
			productName = Numerics;
		};
/* End XCSwiftPackageProductDependency section */
	};
	rootObject = 18D775B522AD944300AE281E /* Project object */;
}
