{
  "object": {
    "pins": [
      {
        "package": "ImagePublisher",
        "repositoryURL": "https://github.com/kean/ImagePublisher",
        "state": {
          "branch": null,
          "revision": "b74c0c3b36c5f77023891f996be818fafc77f264",
          "version": "0.2.1"
        }
      },
      {
        "package": "Nuke",
        "repositoryURL": "https://github.com/kean/Nuke.git",
        "state": {
          "branch": null,
          "revision": "e901272a7cc5a28734d4f196d543edcf7efd8f4c",
          "version": "9.0.0"
        }
      },
      {
        "package": "TimelaneCombine",
        "repositoryURL": "https://github.com/icanzilb/TimelaneCombine",
        "state": {
          "branch": null,
          "revision": "e6837bcbb19332866d5e37d501c05d68fbf985f2",
          "version": "2.0.0"
        }
      },
      {
        "package": "TimelaneCore",
        "repositoryURL": "https://github.com/icanzilb/TimelaneCore",
        "state": {
          "branch": null,
          "revision": "1ce6992ee42d88590d38fe6dceae9b6e2a8f4919",
          "version": "2.0.0"
        }
      }
    ]
  },
  "version": 1
}
